
Microsoft Visual Studio Solution File, Format Version 12.00
# Visual Studio Version 17
VisualStudioVersion = 17.0.31903.59
MinimumVisualStudioVersion = 10.0.40219.1
Project("{2150E333-8FDC-42A3-9474-1A3956D46DE8}") = "src", "src", "{827E0CD3-B72D-47B6-A68D-7590B98EB39B}"
EndProject
Project("{FAE04EC0-301F-11D3-BF4B-00C04F79EFBC}") = "AuthKit.Core", "src\AuthKit.Core\AuthKit.Core.csproj", "{75C37853-F5AB-48BA-A606-490E7F61D814}"
EndProject
Project("{FAE04EC0-301F-11D3-BF4B-00C04F79EFBC}") = "AuthKit.AuthKit", "src\AuthKit.AuthKit\AuthKit.AuthKit.csproj", "{1AAA386C-C7E3-4FC5-BBB0-7A96FCFCDF56}"
EndProject
Project("{FAE04EC0-301F-11D3-BF4B-00C04F79EFBC}") = "AuthKit.Data", "src\AuthKit.Data\AuthKit.Data.csproj", "{EA76BAD5-C5E0-42F0-A290-7BADA86B1EEF}"
EndProject
Project("{FAE04EC0-301F-11D3-BF4B-00C04F79EFBC}") = "AuthKit.Identity", "src\AuthKit.Identity\AuthKit.Identity.csproj", "{E898C0CE-563B-4062-BBA9-CFF0135BE0D9}"
EndProject
Project("{FAE04EC0-301F-11D3-BF4B-00C04F79EFBC}") = "AuthKit.Interfaces", "src\AuthKit.Interfaces\AuthKit.Interfaces.csproj", "{C453A9A2-6677-41A7-850B-2A8C99D6102A}"
EndProject
Project("{FAE04EC0-301F-11D3-BF4B-00C04F79EFBC}") = "AuthKit.Middleware", "src\AuthKit.Middleware\AuthKit.Middleware.csproj", "{5B879C58-9046-4A13-8DD0-D75F21327D13}"
EndProject
Project("{2150E333-8FDC-42A3-9474-1A3956D46DE8}") = "tests", "tests", "{0AB3BF05-4346-4AA6-1389-037BE0695223}"
EndProject
Project("{FAE04EC0-301F-11D3-BF4B-00C04F79EFBC}") = "AuthKit.Core.Tests", "tests\AuthKit.Core.Tests\AuthKit.Core.Tests.csproj", "{A3A4F993-FF24-455C-A9DC-EDBCD559D9BD}"
EndProject
Project("{FAE04EC0-301F-11D3-BF4B-00C04F79EFBC}") = "AuthKit.Identity.Tests", "tests\AuthKit.Identity.Tests\AuthKit.Identity.Tests.csproj", "{69550614-E023-436B-B5A6-38FC186AD85D}"
EndProject
Project("{FAE04EC0-301F-11D3-BF4B-00C04F79EFBC}") = "AuthKit.Data.Tests", "tests\AuthKit.Data.Tests\AuthKit.Data.Tests.csproj", "{29798B0A-C79F-4D31-9C26-D74BFE1544FC}"
EndProject
Project("{2150E333-8FDC-42A3-9474-1A3956D46DE8}") = "samples", "samples", "{5D20AA90-6969-D8BD-9DCD-8634F4692FDA}"
EndProject
Project("{FAE04EC0-301F-11D3-BF4B-00C04F79EFBC}") = "Sample.WebApi", "samples\Sample.WebApi\Sample.WebApi.csproj", "{5F9919BA-285C-4759-B17C-9A42D9727719}"
EndProject
Global
	GlobalSection(SolutionConfigurationPlatforms) = preSolution
		Debug|Any CPU = Debug|Any CPU
		Debug|x64 = Debug|x64
		Debug|x86 = Debug|x86
		Release|Any CPU = Release|Any CPU
		Release|x64 = Release|x64
		Release|x86 = Release|x86
	EndGlobalSection
	GlobalSection(ProjectConfigurationPlatforms) = postSolution
		{75C37853-F5AB-48BA-A606-490E7F61D814}.Debug|Any CPU.ActiveCfg = Debug|Any CPU
		{75C37853-F5AB-48BA-A606-490E7F61D814}.Debug|Any CPU.Build.0 = Debug|Any CPU
		{75C37853-F5AB-48BA-A606-490E7F61D814}.Debug|x64.ActiveCfg = Debug|Any CPU
		{75C37853-F5AB-48BA-A606-490E7F61D814}.Debug|x64.Build.0 = Debug|Any CPU
		{75C37853-F5AB-48BA-A606-490E7F61D814}.Debug|x86.ActiveCfg = Debug|Any CPU
		{75C37853-F5AB-48BA-A606-490E7F61D814}.Debug|x86.Build.0 = Debug|Any CPU
		{75C37853-F5AB-48BA-A606-490E7F61D814}.Release|Any CPU.ActiveCfg = Release|Any CPU
		{75C37853-F5AB-48BA-A606-490E7F61D814}.Release|Any CPU.Build.0 = Release|Any CPU
		{75C37853-F5AB-48BA-A606-490E7F61D814}.Release|x64.ActiveCfg = Release|Any CPU
		{75C37853-F5AB-48BA-A606-490E7F61D814}.Release|x64.Build.0 = Release|Any CPU
		{75C37853-F5AB-48BA-A606-490E7F61D814}.Release|x86.ActiveCfg = Release|Any CPU
		{75C37853-F5AB-48BA-A606-490E7F61D814}.Release|x86.Build.0 = Release|Any CPU
		{1AAA386C-C7E3-4FC5-BBB0-7A96FCFCDF56}.Debug|Any CPU.ActiveCfg = Debug|Any CPU
		{1AAA386C-C7E3-4FC5-BBB0-7A96FCFCDF56}.Debug|Any CPU.Build.0 = Debug|Any CPU
		{1AAA386C-C7E3-4FC5-BBB0-7A96FCFCDF56}.Debug|x64.ActiveCfg = Debug|Any CPU
		{1AAA386C-C7E3-4FC5-BBB0-7A96FCFCDF56}.Debug|x64.Build.0 = Debug|Any CPU
		{1AAA386C-C7E3-4FC5-BBB0-7A96FCFCDF56}.Debug|x86.ActiveCfg = Debug|Any CPU
		{1AAA386C-C7E3-4FC5-BBB0-7A96FCFCDF56}.Debug|x86.Build.0 = Debug|Any CPU
		{1AAA386C-C7E3-4FC5-BBB0-7A96FCFCDF56}.Release|Any CPU.ActiveCfg = Release|Any CPU
		{1AAA386C-C7E3-4FC5-BBB0-7A96FCFCDF56}.Release|Any CPU.Build.0 = Release|Any CPU
		{1AAA386C-C7E3-4FC5-BBB0-7A96FCFCDF56}.Release|x64.ActiveCfg = Release|Any CPU
		{1AAA386C-C7E3-4FC5-BBB0-7A96FCFCDF56}.Release|x64.Build.0 = Release|Any CPU
		{1AAA386C-C7E3-4FC5-BBB0-7A96FCFCDF56}.Release|x86.ActiveCfg = Release|Any CPU
		{1AAA386C-C7E3-4FC5-BBB0-7A96FCFCDF56}.Release|x86.Build.0 = Release|Any CPU
		{EA76BAD5-C5E0-42F0-A290-7BADA86B1EEF}.Debug|Any CPU.ActiveCfg = Debug|Any CPU
		{EA76BAD5-C5E0-42F0-A290-7BADA86B1EEF}.Debug|Any CPU.Build.0 = Debug|Any CPU
		{EA76BAD5-C5E0-42F0-A290-7BADA86B1EEF}.Debug|x64.ActiveCfg = Debug|Any CPU
		{EA76BAD5-C5E0-42F0-A290-7BADA86B1EEF}.Debug|x64.Build.0 = Debug|Any CPU
		{EA76BAD5-C5E0-42F0-A290-7BADA86B1EEF}.Debug|x86.ActiveCfg = Debug|Any CPU
		{EA76BAD5-C5E0-42F0-A290-7BADA86B1EEF}.Debug|x86.Build.0 = Debug|Any CPU
		{EA76BAD5-C5E0-42F0-A290-7BADA86B1EEF}.Release|Any CPU.ActiveCfg = Release|Any CPU
		{EA76BAD5-C5E0-42F0-A290-7BADA86B1EEF}.Release|Any CPU.Build.0 = Release|Any CPU
		{EA76BAD5-C5E0-42F0-A290-7BADA86B1EEF}.Release|x64.ActiveCfg = Release|Any CPU
		{EA76BAD5-C5E0-42F0-A290-7BADA86B1EEF}.Release|x64.Build.0 = Release|Any CPU
		{EA76BAD5-C5E0-42F0-A290-7BADA86B1EEF}.Release|x86.ActiveCfg = Release|Any CPU
		{EA76BAD5-C5E0-42F0-A290-7BADA86B1EEF}.Release|x86.Build.0 = Release|Any CPU
		{E898C0CE-563B-4062-BBA9-CFF0135BE0D9}.Debug|Any CPU.ActiveCfg = Debug|Any CPU
		{E898C0CE-563B-4062-BBA9-CFF0135BE0D9}.Debug|Any CPU.Build.0 = Debug|Any CPU
		{E898C0CE-563B-4062-BBA9-CFF0135BE0D9}.Debug|x64.ActiveCfg = Debug|Any CPU
		{E898C0CE-563B-4062-BBA9-CFF0135BE0D9}.Debug|x64.Build.0 = Debug|Any CPU
		{E898C0CE-563B-4062-BBA9-CFF0135BE0D9}.Debug|x86.ActiveCfg = Debug|Any CPU
		{E898C0CE-563B-4062-BBA9-CFF0135BE0D9}.Debug|x86.Build.0 = Debug|Any CPU
		{E898C0CE-563B-4062-BBA9-CFF0135BE0D9}.Release|Any CPU.ActiveCfg = Release|Any CPU
		{E898C0CE-563B-4062-BBA9-CFF0135BE0D9}.Release|Any CPU.Build.0 = Release|Any CPU
		{E898C0CE-563B-4062-BBA9-CFF0135BE0D9}.Release|x64.ActiveCfg = Release|Any CPU
		{E898C0CE-563B-4062-BBA9-CFF0135BE0D9}.Release|x64.Build.0 = Release|Any CPU
		{E898C0CE-563B-4062-BBA9-CFF0135BE0D9}.Release|x86.ActiveCfg = Release|Any CPU
		{E898C0CE-563B-4062-BBA9-CFF0135BE0D9}.Release|x86.Build.0 = Release|Any CPU
		{C453A9A2-6677-41A7-850B-2A8C99D6102A}.Debug|Any CPU.ActiveCfg = Debug|Any CPU
		{C453A9A2-6677-41A7-850B-2A8C99D6102A}.Debug|Any CPU.Build.0 = Debug|Any CPU
		{C453A9A2-6677-41A7-850B-2A8C99D6102A}.Debug|x64.ActiveCfg = Debug|Any CPU
		{C453A9A2-6677-41A7-850B-2A8C99D6102A}.Debug|x64.Build.0 = Debug|Any CPU
		{C453A9A2-6677-41A7-850B-2A8C99D6102A}.Debug|x86.ActiveCfg = Debug|Any CPU
		{C453A9A2-6677-41A7-850B-2A8C99D6102A}.Debug|x86.Build.0 = Debug|Any CPU
		{C453A9A2-6677-41A7-850B-2A8C99D6102A}.Release|Any CPU.ActiveCfg = Release|Any CPU
		{C453A9A2-6677-41A7-850B-2A8C99D6102A}.Release|Any CPU.Build.0 = Release|Any CPU
		{C453A9A2-6677-41A7-850B-2A8C99D6102A}.Release|x64.ActiveCfg = Release|Any CPU
		{C453A9A2-6677-41A7-850B-2A8C99D6102A}.Release|x64.Build.0 = Release|Any CPU
		{C453A9A2-6677-41A7-850B-2A8C99D6102A}.Release|x86.ActiveCfg = Release|Any CPU
		{C453A9A2-6677-41A7-850B-2A8C99D6102A}.Release|x86.Build.0 = Release|Any CPU
		{5B879C58-9046-4A13-8DD0-D75F21327D13}.Debug|Any CPU.ActiveCfg = Debug|Any CPU
		{5B879C58-9046-4A13-8DD0-D75F21327D13}.Debug|Any CPU.Build.0 = Debug|Any CPU
		{5B879C58-9046-4A13-8DD0-D75F21327D13}.Debug|x64.ActiveCfg = Debug|Any CPU
		{5B879C58-9046-4A13-8DD0-D75F21327D13}.Debug|x64.Build.0 = Debug|Any CPU
		{5B879C58-9046-4A13-8DD0-D75F21327D13}.Debug|x86.ActiveCfg = Debug|Any CPU
		{5B879C58-9046-4A13-8DD0-D75F21327D13}.Debug|x86.Build.0 = Debug|Any CPU
		{5B879C58-9046-4A13-8DD0-D75F21327D13}.Release|Any CPU.ActiveCfg = Release|Any CPU
		{5B879C58-9046-4A13-8DD0-D75F21327D13}.Release|Any CPU.Build.0 = Release|Any CPU
		{5B879C58-9046-4A13-8DD0-D75F21327D13}.Release|x64.ActiveCfg = Release|Any CPU
		{5B879C58-9046-4A13-8DD0-D75F21327D13}.Release|x64.Build.0 = Release|Any CPU
		{5B879C58-9046-4A13-8DD0-D75F21327D13}.Release|x86.ActiveCfg = Release|Any CPU
		{5B879C58-9046-4A13-8DD0-D75F21327D13}.Release|x86.Build.0 = Release|Any CPU
		{A3A4F993-FF24-455C-A9DC-EDBCD559D9BD}.Debug|Any CPU.ActiveCfg = Debug|Any CPU
		{A3A4F993-FF24-455C-A9DC-EDBCD559D9BD}.Debug|Any CPU.Build.0 = Debug|Any CPU
		{A3A4F993-FF24-455C-A9DC-EDBCD559D9BD}.Debug|x64.ActiveCfg = Debug|Any CPU
		{A3A4F993-FF24-455C-A9DC-EDBCD559D9BD}.Debug|x64.Build.0 = Debug|Any CPU
		{A3A4F993-FF24-455C-A9DC-EDBCD559D9BD}.Debug|x86.ActiveCfg = Debug|Any CPU
		{A3A4F993-FF24-455C-A9DC-EDBCD559D9BD}.Debug|x86.Build.0 = Debug|Any CPU
		{A3A4F993-FF24-455C-A9DC-EDBCD559D9BD}.Release|Any CPU.ActiveCfg = Release|Any CPU
		{A3A4F993-FF24-455C-A9DC-EDBCD559D9BD}.Release|Any CPU.Build.0 = Release|Any CPU
		{A3A4F993-FF24-455C-A9DC-EDBCD559D9BD}.Release|x64.ActiveCfg = Release|Any CPU
		{A3A4F993-FF24-455C-A9DC-EDBCD559D9BD}.Release|x64.Build.0 = Release|Any CPU
		{A3A4F993-FF24-455C-A9DC-EDBCD559D9BD}.Release|x86.ActiveCfg = Release|Any CPU
		{A3A4F993-FF24-455C-A9DC-EDBCD559D9BD}.Release|x86.Build.0 = Release|Any CPU
		{69550614-E023-436B-B5A6-38FC186AD85D}.Debug|Any CPU.ActiveCfg = Debug|Any CPU
		{69550614-E023-436B-B5A6-38FC186AD85D}.Debug|Any CPU.Build.0 = Debug|Any CPU
		{69550614-E023-436B-B5A6-38FC186AD85D}.Debug|x64.ActiveCfg = Debug|Any CPU
		{69550614-E023-436B-B5A6-38FC186AD85D}.Debug|x64.Build.0 = Debug|Any CPU
		{69550614-E023-436B-B5A6-38FC186AD85D}.Debug|x86.ActiveCfg = Debug|Any CPU
		{69550614-E023-436B-B5A6-38FC186AD85D}.Debug|x86.Build.0 = Debug|Any CPU
		{69550614-E023-436B-B5A6-38FC186AD85D}.Release|Any CPU.ActiveCfg = Release|Any CPU
		{69550614-E023-436B-B5A6-38FC186AD85D}.Release|Any CPU.Build.0 = Release|Any CPU
		{69550614-E023-436B-B5A6-38FC186AD85D}.Release|x64.ActiveCfg = Release|Any CPU
		{69550614-E023-436B-B5A6-38FC186AD85D}.Release|x64.Build.0 = Release|Any CPU
		{69550614-E023-436B-B5A6-38FC186AD85D}.Release|x86.ActiveCfg = Release|Any CPU
		{69550614-E023-436B-B5A6-38FC186AD85D}.Release|x86.Build.0 = Release|Any CPU
		{29798B0A-C79F-4D31-9C26-D74BFE1544FC}.Debug|Any CPU.ActiveCfg = Debug|Any CPU
		{29798B0A-C79F-4D31-9C26-D74BFE1544FC}.Debug|Any CPU.Build.0 = Debug|Any CPU
		{29798B0A-C79F-4D31-9C26-D74BFE1544FC}.Debug|x64.ActiveCfg = Debug|Any CPU
		{29798B0A-C79F-4D31-9C26-D74BFE1544FC}.Debug|x64.Build.0 = Debug|Any CPU
		{29798B0A-C79F-4D31-9C26-D74BFE1544FC}.Debug|x86.ActiveCfg = Debug|Any CPU
		{29798B0A-C79F-4D31-9C26-D74BFE1544FC}.Debug|x86.Build.0 = Debug|Any CPU
		{29798B0A-C79F-4D31-9C26-D74BFE1544FC}.Release|Any CPU.ActiveCfg = Release|Any CPU
		{29798B0A-C79F-4D31-9C26-D74BFE1544FC}.Release|Any CPU.Build.0 = Release|Any CPU
		{29798B0A-C79F-4D31-9C26-D74BFE1544FC}.Release|x64.ActiveCfg = Release|Any CPU
		{29798B0A-C79F-4D31-9C26-D74BFE1544FC}.Release|x64.Build.0 = Release|Any CPU
		{29798B0A-C79F-4D31-9C26-D74BFE1544FC}.Release|x86.ActiveCfg = Release|Any CPU
		{29798B0A-C79F-4D31-9C26-D74BFE1544FC}.Release|x86.Build.0 = Release|Any CPU
		{5F9919BA-285C-4759-B17C-9A42D9727719}.Debug|Any CPU.ActiveCfg = Debug|Any CPU
		{5F9919BA-285C-4759-B17C-9A42D9727719}.Debug|Any CPU.Build.0 = Debug|Any CPU
		{5F9919BA-285C-4759-B17C-9A42D9727719}.Debug|x64.ActiveCfg = Debug|Any CPU
		{5F9919BA-285C-4759-B17C-9A42D9727719}.Debug|x64.Build.0 = Debug|Any CPU
		{5F9919BA-285C-4759-B17C-9A42D9727719}.Debug|x86.ActiveCfg = Debug|Any CPU
		{5F9919BA-285C-4759-B17C-9A42D9727719}.Debug|x86.Build.0 = Debug|Any CPU
		{5F9919BA-285C-4759-B17C-9A42D9727719}.Release|Any CPU.ActiveCfg = Release|Any CPU
		{5F9919BA-285C-4759-B17C-9A42D9727719}.Release|Any CPU.Build.0 = Release|Any CPU
		{5F9919BA-285C-4759-B17C-9A42D9727719}.Release|x64.ActiveCfg = Release|Any CPU
		{5F9919BA-285C-4759-B17C-9A42D9727719}.Release|x64.Build.0 = Release|Any CPU
		{5F9919BA-285C-4759-B17C-9A42D9727719}.Release|x86.ActiveCfg = Release|Any CPU
		{5F9919BA-285C-4759-B17C-9A42D9727719}.Release|x86.Build.0 = Release|Any CPU
	EndGlobalSection
	GlobalSection(SolutionProperties) = preSolution
		HideSolutionNode = FALSE
	EndGlobalSection
	GlobalSection(NestedProjects) = preSolution
		{75C37853-F5AB-48BA-A606-490E7F61D814} = {827E0CD3-B72D-47B6-A68D-7590B98EB39B}
		{1AAA386C-C7E3-4FC5-BBB0-7A96FCFCDF56} = {827E0CD3-B72D-47B6-A68D-7590B98EB39B}
		{EA76BAD5-C5E0-42F0-A290-7BADA86B1EEF} = {827E0CD3-B72D-47B6-A68D-7590B98EB39B}
		{E898C0CE-563B-4062-BBA9-CFF0135BE0D9} = {827E0CD3-B72D-47B6-A68D-7590B98EB39B}
		{C453A9A2-6677-41A7-850B-2A8C99D6102A} = {827E0CD3-B72D-47B6-A68D-7590B98EB39B}
		{5B879C58-9046-4A13-8DD0-D75F21327D13} = {827E0CD3-B72D-47B6-A68D-7590B98EB39B}
		{A3A4F993-FF24-455C-A9DC-EDBCD559D9BD} = {0AB3BF05-4346-4AA6-1389-037BE0695223}
		{69550614-E023-436B-B5A6-38FC186AD85D} = {0AB3BF05-4346-4AA6-1389-037BE0695223}
		{29798B0A-C79F-4D31-9C26-D74BFE1544FC} = {0AB3BF05-4346-4AA6-1389-037BE0695223}
		{5F9919BA-285C-4759-B17C-9A42D9727719} = {5D20AA90-6969-D8BD-9DCD-8634F4692FDA}
	EndGlobalSection
EndGlobal
