
Microsoft Visual Studio Solution File, Format Version 12.00
# Visual Studio Version 17
VisualStudioVersion = 17.0.31903.59
MinimumVisualStudioVersion = 10.0.40219.1
Project("{2150E333-8FDC-42A3-9474-1A3956D46DE8}") = "src", "src", "{827E0CD3-B72D-47B6-A68D-7590B98EB39B}"
EndProject
Project("{FAE04EC0-301F-11D3-BF4B-00C04F79EFBC}") = "AuthKit.Core", "src\AuthKit.Core\AuthKit.Core.csproj", "{23E14C05-9C5D-4BBE-B4A0-1EAC3F26CDA6}"
EndProject
Project("{FAE04EC0-301F-11D3-BF4B-00C04F79EFBC}") = "AuthKit.AuthKit", "src\AuthKit.AuthKit\AuthKit.AuthKit.csproj", "{168C5F29-D2B0-4B1D-B121-8AD571BE9396}"
EndProject
Project("{2150E333-8FDC-42A3-9474-1A3956D46DE8}") = "AuthKit.Data", "AuthKit.Data", "{0FD14983-D957-2B8A-4CFB-C56EC8E68682}"
EndProject
Project("{FAE04EC0-301F-11D3-BF4B-00C04F79EFBC}") = "AuthKit.Data.EntityFramework", "src\AuthKit.Data\AuthKit.Data.EntityFramework\AuthKit.Data.EntityFramework.csproj", "{47024D7F-55EB-402D-A0DE-5CF64604B5C0}"
EndProject
Project("{FAE04EC0-301F-11D3-BF4B-00C04F79EFBC}") = "AuthKit.Identity", "src\AuthKit.Identity\AuthKit.Identity.csproj", "{EC063D39-2A83-48D9-B01C-1F2CB47BC8AB}"
EndProject
Project("{FAE04EC0-301F-11D3-BF4B-00C04F79EFBC}") = "AuthKit.Interfaces", "src\AuthKit.Interfaces\AuthKit.Interfaces.csproj", "{146F63F5-ACE3-499C-9CFA-02460FAE2E15}"
EndProject
Project("{FAE04EC0-301F-11D3-BF4B-00C04F79EFBC}") = "AuthKit.Middleware", "src\AuthKit.Middleware\AuthKit.Middleware.csproj", "{7ADE1CDF-0521-4E9D-88AD-90A35D33F95C}"
EndProject
Project("{2150E333-8FDC-42A3-9474-1A3956D46DE8}") = "tests", "tests", "{0AB3BF05-4346-4AA6-1389-037BE0695223}"
EndProject
Project("{FAE04EC0-301F-11D3-BF4B-00C04F79EFBC}") = "AuthKit.Core.Tests", "tests\AuthKit.Core.Tests\AuthKit.Core.Tests.csproj", "{1E2F0631-491D-4ACE-AF3B-8AAB5D27CFEA}"
EndProject
Project("{FAE04EC0-301F-11D3-BF4B-00C04F79EFBC}") = "AuthKit.Identity.Tests", "tests\AuthKit.Identity.Tests\AuthKit.Identity.Tests.csproj", "{E6CB0700-A316-4851-B263-E709D26874B4}"
EndProject
Project("{FAE04EC0-301F-11D3-BF4B-00C04F79EFBC}") = "AuthKit.Data.Tests", "tests\AuthKit.Data.Tests\AuthKit.Data.Tests.csproj", "{8592A50A-EBB9-4525-A6C7-215FE1CD6F9B}"
EndProject
Project("{2150E333-8FDC-42A3-9474-1A3956D46DE8}") = "samples", "samples", "{5D20AA90-6969-D8BD-9DCD-8634F4692FDA}"
EndProject
Project("{FAE04EC0-301F-11D3-BF4B-00C04F79EFBC}") = "Sample.WebApi", "samples\Sample.WebApi\Sample.WebApi.csproj", "{FED807CB-C7B7-4F04-8DC9-521D99C73322}"
EndProject
Project("{FAE04EC0-301F-11D3-BF4B-00C04F79EFBC}") = "AuthKit.AuthKit.Tests", "tests\AuthKit.AuthKit.Tests\AuthKit.AuthKit.Tests.csproj", "{B01E04BE-5BFF-4C62-AB7A-7F08D3C8B8B9}"
EndProject
Global
	GlobalSection(SolutionConfigurationPlatforms) = preSolution
		Debug|Any CPU = Debug|Any CPU
		Debug|x64 = Debug|x64
		Debug|x86 = Debug|x86
		Release|Any CPU = Release|Any CPU
		Release|x64 = Release|x64
		Release|x86 = Release|x86
	EndGlobalSection
	GlobalSection(ProjectConfigurationPlatforms) = postSolution
		{23E14C05-9C5D-4BBE-B4A0-1EAC3F26CDA6}.Debug|Any CPU.ActiveCfg = Debug|Any CPU
		{23E14C05-9C5D-4BBE-B4A0-1EAC3F26CDA6}.Debug|Any CPU.Build.0 = Debug|Any CPU
		{23E14C05-9C5D-4BBE-B4A0-1EAC3F26CDA6}.Debug|x64.ActiveCfg = Debug|Any CPU
		{23E14C05-9C5D-4BBE-B4A0-1EAC3F26CDA6}.Debug|x64.Build.0 = Debug|Any CPU
		{23E14C05-9C5D-4BBE-B4A0-1EAC3F26CDA6}.Debug|x86.ActiveCfg = Debug|Any CPU
		{23E14C05-9C5D-4BBE-B4A0-1EAC3F26CDA6}.Debug|x86.Build.0 = Debug|Any CPU
		{23E14C05-9C5D-4BBE-B4A0-1EAC3F26CDA6}.Release|Any CPU.ActiveCfg = Release|Any CPU
		{23E14C05-9C5D-4BBE-B4A0-1EAC3F26CDA6}.Release|Any CPU.Build.0 = Release|Any CPU
		{23E14C05-9C5D-4BBE-B4A0-1EAC3F26CDA6}.Release|x64.ActiveCfg = Release|Any CPU
		{23E14C05-9C5D-4BBE-B4A0-1EAC3F26CDA6}.Release|x64.Build.0 = Release|Any CPU
		{23E14C05-9C5D-4BBE-B4A0-1EAC3F26CDA6}.Release|x86.ActiveCfg = Release|Any CPU
		{23E14C05-9C5D-4BBE-B4A0-1EAC3F26CDA6}.Release|x86.Build.0 = Release|Any CPU
		{168C5F29-D2B0-4B1D-B121-8AD571BE9396}.Debug|Any CPU.ActiveCfg = Debug|Any CPU
		{168C5F29-D2B0-4B1D-B121-8AD571BE9396}.Debug|Any CPU.Build.0 = Debug|Any CPU
		{168C5F29-D2B0-4B1D-B121-8AD571BE9396}.Debug|x64.ActiveCfg = Debug|Any CPU
		{168C5F29-D2B0-4B1D-B121-8AD571BE9396}.Debug|x64.Build.0 = Debug|Any CPU
		{168C5F29-D2B0-4B1D-B121-8AD571BE9396}.Debug|x86.ActiveCfg = Debug|Any CPU
		{168C5F29-D2B0-4B1D-B121-8AD571BE9396}.Debug|x86.Build.0 = Debug|Any CPU
		{168C5F29-D2B0-4B1D-B121-8AD571BE9396}.Release|Any CPU.ActiveCfg = Release|Any CPU
		{168C5F29-D2B0-4B1D-B121-8AD571BE9396}.Release|Any CPU.Build.0 = Release|Any CPU
		{168C5F29-D2B0-4B1D-B121-8AD571BE9396}.Release|x64.ActiveCfg = Release|Any CPU
		{168C5F29-D2B0-4B1D-B121-8AD571BE9396}.Release|x64.Build.0 = Release|Any CPU
		{168C5F29-D2B0-4B1D-B121-8AD571BE9396}.Release|x86.ActiveCfg = Release|Any CPU
		{168C5F29-D2B0-4B1D-B121-8AD571BE9396}.Release|x86.Build.0 = Release|Any CPU
		{47024D7F-55EB-402D-A0DE-5CF64604B5C0}.Debug|Any CPU.ActiveCfg = Debug|Any CPU
		{47024D7F-55EB-402D-A0DE-5CF64604B5C0}.Debug|Any CPU.Build.0 = Debug|Any CPU
		{47024D7F-55EB-402D-A0DE-5CF64604B5C0}.Debug|x64.ActiveCfg = Debug|Any CPU
		{47024D7F-55EB-402D-A0DE-5CF64604B5C0}.Debug|x64.Build.0 = Debug|Any CPU
		{47024D7F-55EB-402D-A0DE-5CF64604B5C0}.Debug|x86.ActiveCfg = Debug|Any CPU
		{47024D7F-55EB-402D-A0DE-5CF64604B5C0}.Debug|x86.Build.0 = Debug|Any CPU
		{47024D7F-55EB-402D-A0DE-5CF64604B5C0}.Release|Any CPU.ActiveCfg = Release|Any CPU
		{47024D7F-55EB-402D-A0DE-5CF64604B5C0}.Release|Any CPU.Build.0 = Release|Any CPU
		{47024D7F-55EB-402D-A0DE-5CF64604B5C0}.Release|x64.ActiveCfg = Release|Any CPU
		{47024D7F-55EB-402D-A0DE-5CF64604B5C0}.Release|x64.Build.0 = Release|Any CPU
		{47024D7F-55EB-402D-A0DE-5CF64604B5C0}.Release|x86.ActiveCfg = Release|Any CPU
		{47024D7F-55EB-402D-A0DE-5CF64604B5C0}.Release|x86.Build.0 = Release|Any CPU
		{EC063D39-2A83-48D9-B01C-1F2CB47BC8AB}.Debug|Any CPU.ActiveCfg = Debug|Any CPU
		{EC063D39-2A83-48D9-B01C-1F2CB47BC8AB}.Debug|Any CPU.Build.0 = Debug|Any CPU
		{EC063D39-2A83-48D9-B01C-1F2CB47BC8AB}.Debug|x64.ActiveCfg = Debug|Any CPU
		{EC063D39-2A83-48D9-B01C-1F2CB47BC8AB}.Debug|x64.Build.0 = Debug|Any CPU
		{EC063D39-2A83-48D9-B01C-1F2CB47BC8AB}.Debug|x86.ActiveCfg = Debug|Any CPU
		{EC063D39-2A83-48D9-B01C-1F2CB47BC8AB}.Debug|x86.Build.0 = Debug|Any CPU
		{EC063D39-2A83-48D9-B01C-1F2CB47BC8AB}.Release|Any CPU.ActiveCfg = Release|Any CPU
		{EC063D39-2A83-48D9-B01C-1F2CB47BC8AB}.Release|Any CPU.Build.0 = Release|Any CPU
		{EC063D39-2A83-48D9-B01C-1F2CB47BC8AB}.Release|x64.ActiveCfg = Release|Any CPU
		{EC063D39-2A83-48D9-B01C-1F2CB47BC8AB}.Release|x64.Build.0 = Release|Any CPU
		{EC063D39-2A83-48D9-B01C-1F2CB47BC8AB}.Release|x86.ActiveCfg = Release|Any CPU
		{EC063D39-2A83-48D9-B01C-1F2CB47BC8AB}.Release|x86.Build.0 = Release|Any CPU
		{146F63F5-ACE3-499C-9CFA-02460FAE2E15}.Debug|Any CPU.ActiveCfg = Debug|Any CPU
		{146F63F5-ACE3-499C-9CFA-02460FAE2E15}.Debug|Any CPU.Build.0 = Debug|Any CPU
		{146F63F5-ACE3-499C-9CFA-02460FAE2E15}.Debug|x64.ActiveCfg = Debug|Any CPU
		{146F63F5-ACE3-499C-9CFA-02460FAE2E15}.Debug|x64.Build.0 = Debug|Any CPU
		{146F63F5-ACE3-499C-9CFA-02460FAE2E15}.Debug|x86.ActiveCfg = Debug|Any CPU
		{146F63F5-ACE3-499C-9CFA-02460FAE2E15}.Debug|x86.Build.0 = Debug|Any CPU
		{146F63F5-ACE3-499C-9CFA-02460FAE2E15}.Release|Any CPU.ActiveCfg = Release|Any CPU
		{146F63F5-ACE3-499C-9CFA-02460FAE2E15}.Release|Any CPU.Build.0 = Release|Any CPU
		{146F63F5-ACE3-499C-9CFA-02460FAE2E15}.Release|x64.ActiveCfg = Release|Any CPU
		{146F63F5-ACE3-499C-9CFA-02460FAE2E15}.Release|x64.Build.0 = Release|Any CPU
		{146F63F5-ACE3-499C-9CFA-02460FAE2E15}.Release|x86.ActiveCfg = Release|Any CPU
		{146F63F5-ACE3-499C-9CFA-02460FAE2E15}.Release|x86.Build.0 = Release|Any CPU
		{7ADE1CDF-0521-4E9D-88AD-90A35D33F95C}.Debug|Any CPU.ActiveCfg = Debug|Any CPU
		{7ADE1CDF-0521-4E9D-88AD-90A35D33F95C}.Debug|Any CPU.Build.0 = Debug|Any CPU
		{7ADE1CDF-0521-4E9D-88AD-90A35D33F95C}.Debug|x64.ActiveCfg = Debug|Any CPU
		{7ADE1CDF-0521-4E9D-88AD-90A35D33F95C}.Debug|x64.Build.0 = Debug|Any CPU
		{7ADE1CDF-0521-4E9D-88AD-90A35D33F95C}.Debug|x86.ActiveCfg = Debug|Any CPU
		{7ADE1CDF-0521-4E9D-88AD-90A35D33F95C}.Debug|x86.Build.0 = Debug|Any CPU
		{7ADE1CDF-0521-4E9D-88AD-90A35D33F95C}.Release|Any CPU.ActiveCfg = Release|Any CPU
		{7ADE1CDF-0521-4E9D-88AD-90A35D33F95C}.Release|Any CPU.Build.0 = Release|Any CPU
		{7ADE1CDF-0521-4E9D-88AD-90A35D33F95C}.Release|x64.ActiveCfg = Release|Any CPU
		{7ADE1CDF-0521-4E9D-88AD-90A35D33F95C}.Release|x64.Build.0 = Release|Any CPU
		{7ADE1CDF-0521-4E9D-88AD-90A35D33F95C}.Release|x86.ActiveCfg = Release|Any CPU
		{7ADE1CDF-0521-4E9D-88AD-90A35D33F95C}.Release|x86.Build.0 = Release|Any CPU
		{1E2F0631-491D-4ACE-AF3B-8AAB5D27CFEA}.Debug|Any CPU.ActiveCfg = Debug|Any CPU
		{1E2F0631-491D-4ACE-AF3B-8AAB5D27CFEA}.Debug|Any CPU.Build.0 = Debug|Any CPU
		{1E2F0631-491D-4ACE-AF3B-8AAB5D27CFEA}.Debug|x64.ActiveCfg = Debug|Any CPU
		{1E2F0631-491D-4ACE-AF3B-8AAB5D27CFEA}.Debug|x64.Build.0 = Debug|Any CPU
		{1E2F0631-491D-4ACE-AF3B-8AAB5D27CFEA}.Debug|x86.ActiveCfg = Debug|Any CPU
		{1E2F0631-491D-4ACE-AF3B-8AAB5D27CFEA}.Debug|x86.Build.0 = Debug|Any CPU
		{1E2F0631-491D-4ACE-AF3B-8AAB5D27CFEA}.Release|Any CPU.ActiveCfg = Release|Any CPU
		{1E2F0631-491D-4ACE-AF3B-8AAB5D27CFEA}.Release|Any CPU.Build.0 = Release|Any CPU
		{1E2F0631-491D-4ACE-AF3B-8AAB5D27CFEA}.Release|x64.ActiveCfg = Release|Any CPU
		{1E2F0631-491D-4ACE-AF3B-8AAB5D27CFEA}.Release|x64.Build.0 = Release|Any CPU
		{1E2F0631-491D-4ACE-AF3B-8AAB5D27CFEA}.Release|x86.ActiveCfg = Release|Any CPU
		{1E2F0631-491D-4ACE-AF3B-8AAB5D27CFEA}.Release|x86.Build.0 = Release|Any CPU
		{E6CB0700-A316-4851-B263-E709D26874B4}.Debug|Any CPU.ActiveCfg = Debug|Any CPU
		{E6CB0700-A316-4851-B263-E709D26874B4}.Debug|Any CPU.Build.0 = Debug|Any CPU
		{E6CB0700-A316-4851-B263-E709D26874B4}.Debug|x64.ActiveCfg = Debug|Any CPU
		{E6CB0700-A316-4851-B263-E709D26874B4}.Debug|x64.Build.0 = Debug|Any CPU
		{E6CB0700-A316-4851-B263-E709D26874B4}.Debug|x86.ActiveCfg = Debug|Any CPU
		{E6CB0700-A316-4851-B263-E709D26874B4}.Debug|x86.Build.0 = Debug|Any CPU
		{E6CB0700-A316-4851-B263-E709D26874B4}.Release|Any CPU.ActiveCfg = Release|Any CPU
		{E6CB0700-A316-4851-B263-E709D26874B4}.Release|Any CPU.Build.0 = Release|Any CPU
		{E6CB0700-A316-4851-B263-E709D26874B4}.Release|x64.ActiveCfg = Release|Any CPU
		{E6CB0700-A316-4851-B263-E709D26874B4}.Release|x64.Build.0 = Release|Any CPU
		{E6CB0700-A316-4851-B263-E709D26874B4}.Release|x86.ActiveCfg = Release|Any CPU
		{E6CB0700-A316-4851-B263-E709D26874B4}.Release|x86.Build.0 = Release|Any CPU
		{8592A50A-EBB9-4525-A6C7-215FE1CD6F9B}.Debug|Any CPU.ActiveCfg = Debug|Any CPU
		{8592A50A-EBB9-4525-A6C7-215FE1CD6F9B}.Debug|Any CPU.Build.0 = Debug|Any CPU
		{8592A50A-EBB9-4525-A6C7-215FE1CD6F9B}.Debug|x64.ActiveCfg = Debug|Any CPU
		{8592A50A-EBB9-4525-A6C7-215FE1CD6F9B}.Debug|x64.Build.0 = Debug|Any CPU
		{8592A50A-EBB9-4525-A6C7-215FE1CD6F9B}.Debug|x86.ActiveCfg = Debug|Any CPU
		{8592A50A-EBB9-4525-A6C7-215FE1CD6F9B}.Debug|x86.Build.0 = Debug|Any CPU
		{8592A50A-EBB9-4525-A6C7-215FE1CD6F9B}.Release|Any CPU.ActiveCfg = Release|Any CPU
		{8592A50A-EBB9-4525-A6C7-215FE1CD6F9B}.Release|Any CPU.Build.0 = Release|Any CPU
		{8592A50A-EBB9-4525-A6C7-215FE1CD6F9B}.Release|x64.ActiveCfg = Release|Any CPU
		{8592A50A-EBB9-4525-A6C7-215FE1CD6F9B}.Release|x64.Build.0 = Release|Any CPU
		{8592A50A-EBB9-4525-A6C7-215FE1CD6F9B}.Release|x86.ActiveCfg = Release|Any CPU
		{8592A50A-EBB9-4525-A6C7-215FE1CD6F9B}.Release|x86.Build.0 = Release|Any CPU
		{FED807CB-C7B7-4F04-8DC9-521D99C73322}.Debug|Any CPU.ActiveCfg = Debug|Any CPU
		{FED807CB-C7B7-4F04-8DC9-521D99C73322}.Debug|Any CPU.Build.0 = Debug|Any CPU
		{FED807CB-C7B7-4F04-8DC9-521D99C73322}.Debug|x64.ActiveCfg = Debug|Any CPU
		{FED807CB-C7B7-4F04-8DC9-521D99C73322}.Debug|x64.Build.0 = Debug|Any CPU
		{FED807CB-C7B7-4F04-8DC9-521D99C73322}.Debug|x86.ActiveCfg = Debug|Any CPU
		{FED807CB-C7B7-4F04-8DC9-521D99C73322}.Debug|x86.Build.0 = Debug|Any CPU
		{FED807CB-C7B7-4F04-8DC9-521D99C73322}.Release|Any CPU.ActiveCfg = Release|Any CPU
		{FED807CB-C7B7-4F04-8DC9-521D99C73322}.Release|Any CPU.Build.0 = Release|Any CPU
		{FED807CB-C7B7-4F04-8DC9-521D99C73322}.Release|x64.ActiveCfg = Release|Any CPU
		{FED807CB-C7B7-4F04-8DC9-521D99C73322}.Release|x64.Build.0 = Release|Any CPU
		{FED807CB-C7B7-4F04-8DC9-521D99C73322}.Release|x86.ActiveCfg = Release|Any CPU
		{FED807CB-C7B7-4F04-8DC9-521D99C73322}.Release|x86.Build.0 = Release|Any CPU
		{B01E04BE-5BFF-4C62-AB7A-7F08D3C8B8B9}.Debug|Any CPU.ActiveCfg = Debug|Any CPU
		{B01E04BE-5BFF-4C62-AB7A-7F08D3C8B8B9}.Debug|Any CPU.Build.0 = Debug|Any CPU
		{B01E04BE-5BFF-4C62-AB7A-7F08D3C8B8B9}.Debug|x64.ActiveCfg = Debug|Any CPU
		{B01E04BE-5BFF-4C62-AB7A-7F08D3C8B8B9}.Debug|x64.Build.0 = Debug|Any CPU
		{B01E04BE-5BFF-4C62-AB7A-7F08D3C8B8B9}.Debug|x86.ActiveCfg = Debug|Any CPU
		{B01E04BE-5BFF-4C62-AB7A-7F08D3C8B8B9}.Debug|x86.Build.0 = Debug|Any CPU
		{B01E04BE-5BFF-4C62-AB7A-7F08D3C8B8B9}.Release|Any CPU.ActiveCfg = Release|Any CPU
		{B01E04BE-5BFF-4C62-AB7A-7F08D3C8B8B9}.Release|Any CPU.Build.0 = Release|Any CPU
		{B01E04BE-5BFF-4C62-AB7A-7F08D3C8B8B9}.Release|x64.ActiveCfg = Release|Any CPU
		{B01E04BE-5BFF-4C62-AB7A-7F08D3C8B8B9}.Release|x64.Build.0 = Release|Any CPU
		{B01E04BE-5BFF-4C62-AB7A-7F08D3C8B8B9}.Release|x86.ActiveCfg = Release|Any CPU
		{B01E04BE-5BFF-4C62-AB7A-7F08D3C8B8B9}.Release|x86.Build.0 = Release|Any CPU
	EndGlobalSection
	GlobalSection(SolutionProperties) = preSolution
		HideSolutionNode = FALSE
	EndGlobalSection
	GlobalSection(NestedProjects) = preSolution
		{23E14C05-9C5D-4BBE-B4A0-1EAC3F26CDA6} = {827E0CD3-B72D-47B6-A68D-7590B98EB39B}
		{168C5F29-D2B0-4B1D-B121-8AD571BE9396} = {827E0CD3-B72D-47B6-A68D-7590B98EB39B}
		{0FD14983-D957-2B8A-4CFB-C56EC8E68682} = {827E0CD3-B72D-47B6-A68D-7590B98EB39B}
		{47024D7F-55EB-402D-A0DE-5CF64604B5C0} = {0FD14983-D957-2B8A-4CFB-C56EC8E68682}
		{EC063D39-2A83-48D9-B01C-1F2CB47BC8AB} = {827E0CD3-B72D-47B6-A68D-7590B98EB39B}
		{146F63F5-ACE3-499C-9CFA-02460FAE2E15} = {827E0CD3-B72D-47B6-A68D-7590B98EB39B}
		{7ADE1CDF-0521-4E9D-88AD-90A35D33F95C} = {827E0CD3-B72D-47B6-A68D-7590B98EB39B}
		{1E2F0631-491D-4ACE-AF3B-8AAB5D27CFEA} = {0AB3BF05-4346-4AA6-1389-037BE0695223}
		{E6CB0700-A316-4851-B263-E709D26874B4} = {0AB3BF05-4346-4AA6-1389-037BE0695223}
		{8592A50A-EBB9-4525-A6C7-215FE1CD6F9B} = {0AB3BF05-4346-4AA6-1389-037BE0695223}
		{FED807CB-C7B7-4F04-8DC9-521D99C73322} = {5D20AA90-6969-D8BD-9DCD-8634F4692FDA}
		{B01E04BE-5BFF-4C62-AB7A-7F08D3C8B8B9} = {0AB3BF05-4346-4AA6-1389-037BE0695223}
	EndGlobalSection
EndGlobal
