Microsoft Visual Studio Solution File, Format Version 12.00
# Visual Studio Version 17
VisualStudioVersion = 17.0.31903.59
MinimumVisualStudioVersion = 10.0.40219.1
Project("{2150E333-8FDC-42A3-9474-1A3956D46DE8}") = "src", "src", "{827E0CD3-B72D-47B6-A68D-7590B98EB39B}"
EndProject
Project("{FAE04EC0-301F-11D3-BF4B-00C04F79EFBC}") = "AuthKit.Core", "src\AuthKit.Core\AuthKit.Core.csproj", "{FBB79C56-35F1-425C-B818-B85394DB228C}"
EndProject
Project("{FAE04EC0-301F-11D3-BF4B-00C04F79EFBC}") = "AuthKit.Identity", "src\AuthKit.Identity\AuthKit.Identity.csproj", "{FD2C8F6F-E250-421B-8784-4853555078BA}"
EndProject
Project("{FAE04EC0-301F-11D3-BF4B-00C04F79EFBC}") = "AuthKit.Security", "src\AuthKit.Security\AuthKit.Security.csproj", "{9267D91B-03E5-49D7-AFB4-247FBAFE645E}"
EndProject
Project("{FAE04EC0-301F-11D3-BF4B-00C04F79EFBC}") = "AuthKit.MultiTenancy", "src\AuthKit.MultiTenancy\AuthKit.MultiTenancy.csproj", "{E4433469-15BA-4E65-8D91-578F28D58001}"
EndProject
Project("{2150E333-8FDC-42A3-9474-1A3956D46DE8}") = "AuthKit.Data", "AuthKit.Data", "{0FD14983-D957-2B8A-4CFB-C56EC8E68682}"
EndProject
Project("{FAE04EC0-301F-11D3-BF4B-00C04F79EFBC}") = "AuthKit.Data.Abstractions", "src\AuthKit.Data\AuthKit.Data.Abstractions\AuthKit.Data.Abstractions.csproj", "{F77A5D40-42CB-4D69-B8FA-7BC12D61A2D8}"
EndProject
Project("{FAE04EC0-301F-11D3-BF4B-00C04F79EFBC}") = "AuthKit.Data.EntityFramework", "src\AuthKit.Data\AuthKit.Data.EntityFramework\AuthKit.Data.EntityFramework.csproj", "{AD5690E1-8DF9-40DF-A5AD-365C00256E1F}"
EndProject
Project("{FAE04EC0-301F-11D3-BF4B-00C04F79EFBC}") = "AuthKit.Data.Dapper", "src\AuthKit.Data\AuthKit.Data.Dapper\AuthKit.Data.Dapper.csproj", "{CB496448-A34E-4810-9698-C5E634686978}"
EndProject
Project("{FAE04EC0-301F-11D3-BF4B-00C04F79EFBC}") = "AuthKit.Data.InMemory", "src\AuthKit.Data\AuthKit.Data.InMemory\AuthKit.Data.InMemory.csproj", "{03CAE60B-B047-4960-97AB-F79255BF2B36}"
EndProject
Project("{FAE04EC0-301F-11D3-BF4B-00C04F79EFBC}") = "AuthKit.Integration", "src\AuthKit.Integration\AuthKit.Integration.csproj", "{6DE3E945-CE9E-4840-8068-34277A8023BC}"
EndProject
Project("{FAE04EC0-301F-11D3-BF4B-00C04F79EFBC}") = "AuthKit.Configuration", "src\AuthKit.Configuration\AuthKit.Configuration.csproj", "{FBF58A95-6632-4DE3-925A-B75F462D276B}"
EndProject
Project("{FAE04EC0-301F-11D3-BF4B-00C04F79EFBC}") = "AuthKit.Middleware", "src\AuthKit.Middleware\AuthKit.Middleware.csproj", "{8AEAA61C-B54D-4BC1-A441-54088C162A27}"
EndProject
Project("{2150E333-8FDC-42A3-9474-1A3956D46DE8}") = "tests", "tests", "{0AB3BF05-4346-4AA6-1389-037BE0695223}"
EndProject
Project("{FAE04EC0-301F-11D3-BF4B-00C04F79EFBC}") = "AuthKit.Core.Tests", "tests\AuthKit.Core.Tests\AuthKit.Core.Tests.csproj", "{AF811592-2BC7-4F42-AAD9-66B77974A50E}"
EndProject
Project("{FAE04EC0-301F-11D3-BF4B-00C04F79EFBC}") = "AuthKit.Identity.Tests", "tests\AuthKit.Identity.Tests\AuthKit.Identity.Tests.csproj", "{A5C90C40-11ED-43A7-AA52-27E6B7E32FF6}"
EndProject
Project("{FAE04EC0-301F-11D3-BF4B-00C04F79EFBC}") = "AuthKit.Data.Tests", "tests\AuthKit.Data.Tests\AuthKit.Data.Tests.csproj", "{CE8594EF-FBA0-4B8A-A8FD-D2D79B044990}"
EndProject
Project("{FAE04EC0-301F-11D3-BF4B-00C04F79EFBC}") = "AuthKit.Integration.Tests", "tests\AuthKit.Integration.Tests\AuthKit.Integration.Tests.csproj", "{65155860-322E-4F13-A822-CD7115157D3D}"
EndProject
Project("{2150E333-8FDC-42A3-9474-1A3956D46DE8}") = "samples", "samples", "{5D20AA90-6969-D8BD-9DCD-8634F4692FDA}"
EndProject
Project("{FAE04EC0-301F-11D3-BF4B-00C04F79EFBC}") = "Sample.WebApi", "samples\Sample.WebApi\Sample.WebApi.csproj", "{FA660587-D4C6-4DFC-AE6B-3052E355E176}"
EndProject
Global
	GlobalSection(SolutionConfigurationPlatforms) = preSolution
		Debug|Any CPU = Debug|Any CPU
		Debug|x64 = Debug|x64
		Debug|x86 = Debug|x86
		Release|Any CPU = Release|Any CPU
		Release|x64 = Release|x64
		Release|x86 = Release|x86
	EndGlobalSection
	GlobalSection(ProjectConfigurationPlatforms) = postSolution
		{FBB79C56-35F1-425C-B818-B85394DB228C}.Debug|Any CPU.ActiveCfg = Debug|Any CPU
		{FBB79C56-35F1-425C-B818-B85394DB228C}.Debug|Any CPU.Build.0 = Debug|Any CPU
		{FBB79C56-35F1-425C-B818-B85394DB228C}.Debug|x64.ActiveCfg = Debug|Any CPU
		{FBB79C56-35F1-425C-B818-B85394DB228C}.Debug|x64.Build.0 = Debug|Any CPU
		{FBB79C56-35F1-425C-B818-B85394DB228C}.Debug|x86.ActiveCfg = Debug|Any CPU
		{FBB79C56-35F1-425C-B818-B85394DB228C}.Debug|x86.Build.0 = Debug|Any CPU
		{FBB79C56-35F1-425C-B818-B85394DB228C}.Release|Any CPU.ActiveCfg = Release|Any CPU
		{FBB79C56-35F1-425C-B818-B85394DB228C}.Release|Any CPU.Build.0 = Release|Any CPU
		{FBB79C56-35F1-425C-B818-B85394DB228C}.Release|x64.ActiveCfg = Release|Any CPU
		{FBB79C56-35F1-425C-B818-B85394DB228C}.Release|x64.Build.0 = Release|Any CPU
		{FBB79C56-35F1-425C-B818-B85394DB228C}.Release|x86.ActiveCfg = Release|Any CPU
		{FBB79C56-35F1-425C-B818-B85394DB228C}.Release|x86.Build.0 = Release|Any CPU
		{FD2C8F6F-E250-421B-8784-4853555078BA}.Debug|Any CPU.ActiveCfg = Debug|Any CPU
		{FD2C8F6F-E250-421B-8784-4853555078BA}.Debug|Any CPU.Build.0 = Debug|Any CPU
		{FD2C8F6F-E250-421B-8784-4853555078BA}.Debug|x64.ActiveCfg = Debug|Any CPU
		{FD2C8F6F-E250-421B-8784-4853555078BA}.Debug|x64.Build.0 = Debug|Any CPU
		{FD2C8F6F-E250-421B-8784-4853555078BA}.Debug|x86.ActiveCfg = Debug|Any CPU
		{FD2C8F6F-E250-421B-8784-4853555078BA}.Debug|x86.Build.0 = Debug|Any CPU
		{FD2C8F6F-E250-421B-8784-4853555078BA}.Release|Any CPU.ActiveCfg = Release|Any CPU
		{FD2C8F6F-E250-421B-8784-4853555078BA}.Release|Any CPU.Build.0 = Release|Any CPU
		{FD2C8F6F-E250-421B-8784-4853555078BA}.Release|x64.ActiveCfg = Release|Any CPU
		{FD2C8F6F-E250-421B-8784-4853555078BA}.Release|x64.Build.0 = Release|Any CPU
		{FD2C8F6F-E250-421B-8784-4853555078BA}.Release|x86.ActiveCfg = Release|Any CPU
		{FD2C8F6F-E250-421B-8784-4853555078BA}.Release|x86.Build.0 = Release|Any CPU
		{9267D91B-03E5-49D7-AFB4-247FBAFE645E}.Debug|Any CPU.ActiveCfg = Debug|Any CPU
		{9267D91B-03E5-49D7-AFB4-247FBAFE645E}.Debug|Any CPU.Build.0 = Debug|Any CPU
		{9267D91B-03E5-49D7-AFB4-247FBAFE645E}.Debug|x64.ActiveCfg = Debug|Any CPU
		{9267D91B-03E5-49D7-AFB4-247FBAFE645E}.Debug|x64.Build.0 = Debug|Any CPU
		{9267D91B-03E5-49D7-AFB4-247FBAFE645E}.Debug|x86.ActiveCfg = Debug|Any CPU
		{9267D91B-03E5-49D7-AFB4-247FBAFE645E}.Debug|x86.Build.0 = Debug|Any CPU
		{9267D91B-03E5-49D7-AFB4-247FBAFE645E}.Release|Any CPU.ActiveCfg = Release|Any CPU
		{9267D91B-03E5-49D7-AFB4-247FBAFE645E}.Release|Any CPU.Build.0 = Release|Any CPU
		{9267D91B-03E5-49D7-AFB4-247FBAFE645E}.Release|x64.ActiveCfg = Release|Any CPU
		{9267D91B-03E5-49D7-AFB4-247FBAFE645E}.Release|x64.Build.0 = Release|Any CPU
		{9267D91B-03E5-49D7-AFB4-247FBAFE645E}.Release|x86.ActiveCfg = Release|Any CPU
		{9267D91B-03E5-49D7-AFB4-247FBAFE645E}.Release|x86.Build.0 = Release|Any CPU
		{E4433469-15BA-4E65-8D91-578F28D58001}.Debug|Any CPU.ActiveCfg = Debug|Any CPU
		{E4433469-15BA-4E65-8D91-578F28D58001}.Debug|Any CPU.Build.0 = Debug|Any CPU
		{E4433469-15BA-4E65-8D91-578F28D58001}.Debug|x64.ActiveCfg = Debug|Any CPU
		{E4433469-15BA-4E65-8D91-578F28D58001}.Debug|x64.Build.0 = Debug|Any CPU
		{E4433469-15BA-4E65-8D91-578F28D58001}.Debug|x86.ActiveCfg = Debug|Any CPU
		{E4433469-15BA-4E65-8D91-578F28D58001}.Debug|x86.Build.0 = Debug|Any CPU
		{E4433469-15BA-4E65-8D91-578F28D58001}.Release|Any CPU.ActiveCfg = Release|Any CPU
		{E4433469-15BA-4E65-8D91-578F28D58001}.Release|Any CPU.Build.0 = Release|Any CPU
		{E4433469-15BA-4E65-8D91-578F28D58001}.Release|x64.ActiveCfg = Release|Any CPU
		{E4433469-15BA-4E65-8D91-578F28D58001}.Release|x64.Build.0 = Release|Any CPU
		{E4433469-15BA-4E65-8D91-578F28D58001}.Release|x86.ActiveCfg = Release|Any CPU
		{E4433469-15BA-4E65-8D91-578F28D58001}.Release|x86.Build.0 = Release|Any CPU
		{F77A5D40-42CB-4D69-B8FA-7BC12D61A2D8}.Debug|Any CPU.ActiveCfg = Debug|Any CPU
		{F77A5D40-42CB-4D69-B8FA-7BC12D61A2D8}.Debug|Any CPU.Build.0 = Debug|Any CPU
		{F77A5D40-42CB-4D69-B8FA-7BC12D61A2D8}.Debug|x64.ActiveCfg = Debug|Any CPU
		{F77A5D40-42CB-4D69-B8FA-7BC12D61A2D8}.Debug|x64.Build.0 = Debug|Any CPU
		{F77A5D40-42CB-4D69-B8FA-7BC12D61A2D8}.Debug|x86.ActiveCfg = Debug|Any CPU
		{F77A5D40-42CB-4D69-B8FA-7BC12D61A2D8}.Debug|x86.Build.0 = Debug|Any CPU
		{F77A5D40-42CB-4D69-B8FA-7BC12D61A2D8}.Release|Any CPU.ActiveCfg = Release|Any CPU
		{F77A5D40-42CB-4D69-B8FA-7BC12D61A2D8}.Release|Any CPU.Build.0 = Release|Any CPU
		{F77A5D40-42CB-4D69-B8FA-7BC12D61A2D8}.Release|x64.ActiveCfg = Release|Any CPU
		{F77A5D40-42CB-4D69-B8FA-7BC12D61A2D8}.Release|x64.Build.0 = Release|Any CPU
		{F77A5D40-42CB-4D69-B8FA-7BC12D61A2D8}.Release|x86.ActiveCfg = Release|Any CPU
		{F77A5D40-42CB-4D69-B8FA-7BC12D61A2D8}.Release|x86.Build.0 = Release|Any CPU
		{AD5690E1-8DF9-40DF-A5AD-365C00256E1F}.Debug|Any CPU.ActiveCfg = Debug|Any CPU
		{AD5690E1-8DF9-40DF-A5AD-365C00256E1F}.Debug|Any CPU.Build.0 = Debug|Any CPU
		{AD5690E1-8DF9-40DF-A5AD-365C00256E1F}.Debug|x64.ActiveCfg = Debug|Any CPU
		{AD5690E1-8DF9-40DF-A5AD-365C00256E1F}.Debug|x64.Build.0 = Debug|Any CPU
		{AD5690E1-8DF9-40DF-A5AD-365C00256E1F}.Debug|x86.ActiveCfg = Debug|Any CPU
		{AD5690E1-8DF9-40DF-A5AD-365C00256E1F}.Debug|x86.Build.0 = Debug|Any CPU
		{AD5690E1-8DF9-40DF-A5AD-365C00256E1F}.Release|Any CPU.ActiveCfg = Release|Any CPU
		{AD5690E1-8DF9-40DF-A5AD-365C00256E1F}.Release|Any CPU.Build.0 = Release|Any CPU
		{AD5690E1-8DF9-40DF-A5AD-365C00256E1F}.Release|x64.ActiveCfg = Release|Any CPU
		{AD5690E1-8DF9-40DF-A5AD-365C00256E1F}.Release|x64.Build.0 = Release|Any CPU
		{AD5690E1-8DF9-40DF-A5AD-365C00256E1F}.Release|x86.ActiveCfg = Release|Any CPU
		{AD5690E1-8DF9-40DF-A5AD-365C00256E1F}.Release|x86.Build.0 = Release|Any CPU
		{CB496448-A34E-4810-9698-C5E634686978}.Debug|Any CPU.ActiveCfg = Debug|Any CPU
		{CB496448-A34E-4810-9698-C5E634686978}.Debug|Any CPU.Build.0 = Debug|Any CPU
		{CB496448-A34E-4810-9698-C5E634686978}.Debug|x64.ActiveCfg = Debug|Any CPU
		{CB496448-A34E-4810-9698-C5E634686978}.Debug|x64.Build.0 = Debug|Any CPU
		{CB496448-A34E-4810-9698-C5E634686978}.Debug|x86.ActiveCfg = Debug|Any CPU
		{CB496448-A34E-4810-9698-C5E634686978}.Debug|x86.Build.0 = Debug|Any CPU
		{CB496448-A34E-4810-9698-C5E634686978}.Release|Any CPU.ActiveCfg = Release|Any CPU
		{CB496448-A34E-4810-9698-C5E634686978}.Release|Any CPU.Build.0 = Release|Any CPU
		{CB496448-A34E-4810-9698-C5E634686978}.Release|x64.ActiveCfg = Release|Any CPU
		{CB496448-A34E-4810-9698-C5E634686978}.Release|x64.Build.0 = Release|Any CPU
		{CB496448-A34E-4810-9698-C5E634686978}.Release|x86.ActiveCfg = Release|Any CPU
		{CB496448-A34E-4810-9698-C5E634686978}.Release|x86.Build.0 = Release|Any CPU
		{03CAE60B-B047-4960-97AB-F79255BF2B36}.Debug|Any CPU.ActiveCfg = Debug|Any CPU
		{03CAE60B-B047-4960-97AB-F79255BF2B36}.Debug|Any CPU.Build.0 = Debug|Any CPU
		{03CAE60B-B047-4960-97AB-F79255BF2B36}.Debug|x64.ActiveCfg = Debug|Any CPU
		{03CAE60B-B047-4960-97AB-F79255BF2B36}.Debug|x64.Build.0 = Debug|Any CPU
		{03CAE60B-B047-4960-97AB-F79255BF2B36}.Debug|x86.ActiveCfg = Debug|Any CPU
		{03CAE60B-B047-4960-97AB-F79255BF2B36}.Debug|x86.Build.0 = Debug|Any CPU
		{03CAE60B-B047-4960-97AB-F79255BF2B36}.Release|Any CPU.ActiveCfg = Release|Any CPU
		{03CAE60B-B047-4960-97AB-F79255BF2B36}.Release|Any CPU.Build.0 = Release|Any CPU
		{03CAE60B-B047-4960-97AB-F79255BF2B36}.Release|x64.ActiveCfg = Release|Any CPU
		{03CAE60B-B047-4960-97AB-F79255BF2B36}.Release|x64.Build.0 = Release|Any CPU
		{03CAE60B-B047-4960-97AB-F79255BF2B36}.Release|x86.ActiveCfg = Release|Any CPU
		{03CAE60B-B047-4960-97AB-F79255BF2B36}.Release|x86.Build.0 = Release|Any CPU
		{6DE3E945-CE9E-4840-8068-34277A8023BC}.Debug|Any CPU.ActiveCfg = Debug|Any CPU
		{6DE3E945-CE9E-4840-8068-34277A8023BC}.Debug|Any CPU.Build.0 = Debug|Any CPU
		{6DE3E945-CE9E-4840-8068-34277A8023BC}.Debug|x64.ActiveCfg = Debug|Any CPU
		{6DE3E945-CE9E-4840-8068-34277A8023BC}.Debug|x64.Build.0 = Debug|Any CPU
		{6DE3E945-CE9E-4840-8068-34277A8023BC}.Debug|x86.ActiveCfg = Debug|Any CPU
		{6DE3E945-CE9E-4840-8068-34277A8023BC}.Debug|x86.Build.0 = Debug|Any CPU
		{6DE3E945-CE9E-4840-8068-34277A8023BC}.Release|Any CPU.ActiveCfg = Release|Any CPU
		{6DE3E945-CE9E-4840-8068-34277A8023BC}.Release|Any CPU.Build.0 = Release|Any CPU
		{6DE3E945-CE9E-4840-8068-34277A8023BC}.Release|x64.ActiveCfg = Release|Any CPU
		{6DE3E945-CE9E-4840-8068-34277A8023BC}.Release|x64.Build.0 = Release|Any CPU
		{6DE3E945-CE9E-4840-8068-34277A8023BC}.Release|x86.ActiveCfg = Release|Any CPU
		{6DE3E945-CE9E-4840-8068-34277A8023BC}.Release|x86.Build.0 = Release|Any CPU
		{FBF58A95-6632-4DE3-925A-B75F462D276B}.Debug|Any CPU.ActiveCfg = Debug|Any CPU
		{FBF58A95-6632-4DE3-925A-B75F462D276B}.Debug|Any CPU.Build.0 = Debug|Any CPU
		{FBF58A95-6632-4DE3-925A-B75F462D276B}.Debug|x64.ActiveCfg = Debug|Any CPU
		{FBF58A95-6632-4DE3-925A-B75F462D276B}.Debug|x64.Build.0 = Debug|Any CPU
		{FBF58A95-6632-4DE3-925A-B75F462D276B}.Debug|x86.ActiveCfg = Debug|Any CPU
		{FBF58A95-6632-4DE3-925A-B75F462D276B}.Debug|x86.Build.0 = Debug|Any CPU
		{FBF58A95-6632-4DE3-925A-B75F462D276B}.Release|Any CPU.ActiveCfg = Release|Any CPU
		{FBF58A95-6632-4DE3-925A-B75F462D276B}.Release|Any CPU.Build.0 = Release|Any CPU
		{FBF58A95-6632-4DE3-925A-B75F462D276B}.Release|x64.ActiveCfg = Release|Any CPU
		{FBF58A95-6632-4DE3-925A-B75F462D276B}.Release|x64.Build.0 = Release|Any CPU
		{FBF58A95-6632-4DE3-925A-B75F462D276B}.Release|x86.ActiveCfg = Release|Any CPU
		{FBF58A95-6632-4DE3-925A-B75F462D276B}.Release|x86.Build.0 = Release|Any CPU
		{8AEAA61C-B54D-4BC1-A441-54088C162A27}.Debug|Any CPU.ActiveCfg = Debug|Any CPU
		{8AEAA61C-B54D-4BC1-A441-54088C162A27}.Debug|Any CPU.Build.0 = Debug|Any CPU
		{8AEAA61C-B54D-4BC1-A441-54088C162A27}.Debug|x64.ActiveCfg = Debug|Any CPU
		{8AEAA61C-B54D-4BC1-A441-54088C162A27}.Debug|x64.Build.0 = Debug|Any CPU
		{8AEAA61C-B54D-4BC1-A441-54088C162A27}.Debug|x86.ActiveCfg = Debug|Any CPU
		{8AEAA61C-B54D-4BC1-A441-54088C162A27}.Debug|x86.Build.0 = Debug|Any CPU
		{8AEAA61C-B54D-4BC1-A441-54088C162A27}.Release|Any CPU.ActiveCfg = Release|Any CPU
		{8AEAA61C-B54D-4BC1-A441-54088C162A27}.Release|Any CPU.Build.0 = Release|Any CPU
		{8AEAA61C-B54D-4BC1-A441-54088C162A27}.Release|x64.ActiveCfg = Release|Any CPU
		{8AEAA61C-B54D-4BC1-A441-54088C162A27}.Release|x64.Build.0 = Release|Any CPU
		{8AEAA61C-B54D-4BC1-A441-54088C162A27}.Release|x86.ActiveCfg = Release|Any CPU
		{8AEAA61C-B54D-4BC1-A441-54088C162A27}.Release|x86.Build.0 = Release|Any CPU
		{AF811592-2BC7-4F42-AAD9-66B77974A50E}.Debug|Any CPU.ActiveCfg = Debug|Any CPU
		{AF811592-2BC7-4F42-AAD9-66B77974A50E}.Debug|Any CPU.Build.0 = Debug|Any CPU
		{AF811592-2BC7-4F42-AAD9-66B77974A50E}.Debug|x64.ActiveCfg = Debug|Any CPU
		{AF811592-2BC7-4F42-AAD9-66B77974A50E}.Debug|x64.Build.0 = Debug|Any CPU
		{AF811592-2BC7-4F42-AAD9-66B77974A50E}.Debug|x86.ActiveCfg = Debug|Any CPU
		{AF811592-2BC7-4F42-AAD9-66B77974A50E}.Debug|x86.Build.0 = Debug|Any CPU
		{AF811592-2BC7-4F42-AAD9-66B77974A50E}.Release|Any CPU.ActiveCfg = Release|Any CPU
		{AF811592-2BC7-4F42-AAD9-66B77974A50E}.Release|Any CPU.Build.0 = Release|Any CPU
		{AF811592-2BC7-4F42-AAD9-66B77974A50E}.Release|x64.ActiveCfg = Release|Any CPU
		{AF811592-2BC7-4F42-AAD9-66B77974A50E}.Release|x64.Build.0 = Release|Any CPU
		{AF811592-2BC7-4F42-AAD9-66B77974A50E}.Release|x86.ActiveCfg = Release|Any CPU
		{AF811592-2BC7-4F42-AAD9-66B77974A50E}.Release|x86.Build.0 = Release|Any CPU
		{A5C90C40-11ED-43A7-AA52-27E6B7E32FF6}.Debug|Any CPU.ActiveCfg = Debug|Any CPU
		{A5C90C40-11ED-43A7-AA52-27E6B7E32FF6}.Debug|Any CPU.Build.0 = Debug|Any CPU
		{A5C90C40-11ED-43A7-AA52-27E6B7E32FF6}.Debug|x64.ActiveCfg = Debug|Any CPU
		{A5C90C40-11ED-43A7-AA52-27E6B7E32FF6}.Debug|x64.Build.0 = Debug|Any CPU
		{A5C90C40-11ED-43A7-AA52-27E6B7E32FF6}.Debug|x86.ActiveCfg = Debug|Any CPU
		{A5C90C40-11ED-43A7-AA52-27E6B7E32FF6}.Debug|x86.Build.0 = Debug|Any CPU
		{A5C90C40-11ED-43A7-AA52-27E6B7E32FF6}.Release|Any CPU.ActiveCfg = Release|Any CPU
		{A5C90C40-11ED-43A7-AA52-27E6B7E32FF6}.Release|Any CPU.Build.0 = Release|Any CPU
		{A5C90C40-11ED-43A7-AA52-27E6B7E32FF6}.Release|x64.ActiveCfg = Release|Any CPU
		{A5C90C40-11ED-43A7-AA52-27E6B7E32FF6}.Release|x64.Build.0 = Release|Any CPU
		{A5C90C40-11ED-43A7-AA52-27E6B7E32FF6}.Release|x86.ActiveCfg = Release|Any CPU
		{A5C90C40-11ED-43A7-AA52-27E6B7E32FF6}.Release|x86.Build.0 = Release|Any CPU
		{CE8594EF-FBA0-4B8A-A8FD-D2D79B044990}.Debug|Any CPU.ActiveCfg = Debug|Any CPU
		{CE8594EF-FBA0-4B8A-A8FD-D2D79B044990}.Debug|Any CPU.Build.0 = Debug|Any CPU
		{CE8594EF-FBA0-4B8A-A8FD-D2D79B044990}.Debug|x64.ActiveCfg = Debug|Any CPU
		{CE8594EF-FBA0-4B8A-A8FD-D2D79B044990}.Debug|x64.Build.0 = Debug|Any CPU
		{CE8594EF-FBA0-4B8A-A8FD-D2D79B044990}.Debug|x86.ActiveCfg = Debug|Any CPU
		{CE8594EF-FBA0-4B8A-A8FD-D2D79B044990}.Debug|x86.Build.0 = Debug|Any CPU
		{CE8594EF-FBA0-4B8A-A8FD-D2D79B044990}.Release|Any CPU.ActiveCfg = Release|Any CPU
		{CE8594EF-FBA0-4B8A-A8FD-D2D79B044990}.Release|Any CPU.Build.0 = Release|Any CPU
		{CE8594EF-FBA0-4B8A-A8FD-D2D79B044990}.Release|x64.ActiveCfg = Release|Any CPU
		{CE8594EF-FBA0-4B8A-A8FD-D2D79B044990}.Release|x64.Build.0 = Release|Any CPU
		{CE8594EF-FBA0-4B8A-A8FD-D2D79B044990}.Release|x86.ActiveCfg = Release|Any CPU
		{CE8594EF-FBA0-4B8A-A8FD-D2D79B044990}.Release|x86.Build.0 = Release|Any CPU
		{65155860-322E-4F13-A822-CD7115157D3D}.Debug|Any CPU.ActiveCfg = Debug|Any CPU
		{65155860-322E-4F13-A822-CD7115157D3D}.Debug|Any CPU.Build.0 = Debug|Any CPU
		{65155860-322E-4F13-A822-CD7115157D3D}.Debug|x64.ActiveCfg = Debug|Any CPU
		{65155860-322E-4F13-A822-CD7115157D3D}.Debug|x64.Build.0 = Debug|Any CPU
		{65155860-322E-4F13-A822-CD7115157D3D}.Debug|x86.ActiveCfg = Debug|Any CPU
		{65155860-322E-4F13-A822-CD7115157D3D}.Debug|x86.Build.0 = Debug|Any CPU
		{65155860-322E-4F13-A822-CD7115157D3D}.Release|Any CPU.ActiveCfg = Release|Any CPU
		{65155860-322E-4F13-A822-CD7115157D3D}.Release|Any CPU.Build.0 = Release|Any CPU
		{65155860-322E-4F13-A822-CD7115157D3D}.Release|x64.ActiveCfg = Release|Any CPU
		{65155860-322E-4F13-A822-CD7115157D3D}.Release|x64.Build.0 = Release|Any CPU
		{65155860-322E-4F13-A822-CD7115157D3D}.Release|x86.ActiveCfg = Release|Any CPU
		{65155860-322E-4F13-A822-CD7115157D3D}.Release|x86.Build.0 = Release|Any CPU
		{FA660587-D4C6-4DFC-AE6B-3052E355E176}.Debug|Any CPU.ActiveCfg = Debug|Any CPU
		{FA660587-D4C6-4DFC-AE6B-3052E355E176}.Debug|Any CPU.Build.0 = Debug|Any CPU
		{FA660587-D4C6-4DFC-AE6B-3052E355E176}.Debug|x64.ActiveCfg = Debug|Any CPU
		{FA660587-D4C6-4DFC-AE6B-3052E355E176}.Debug|x64.Build.0 = Debug|Any CPU
		{FA660587-D4C6-4DFC-AE6B-3052E355E176}.Debug|x86.ActiveCfg = Debug|Any CPU
		{FA660587-D4C6-4DFC-AE6B-3052E355E176}.Debug|x86.Build.0 = Debug|Any CPU
		{FA660587-D4C6-4DFC-AE6B-3052E355E176}.Release|Any CPU.ActiveCfg = Release|Any CPU
		{FA660587-D4C6-4DFC-AE6B-3052E355E176}.Release|Any CPU.Build.0 = Release|Any CPU
		{FA660587-D4C6-4DFC-AE6B-3052E355E176}.Release|x64.ActiveCfg = Release|Any CPU
		{FA660587-D4C6-4DFC-AE6B-3052E355E176}.Release|x64.Build.0 = Release|Any CPU
		{FA660587-D4C6-4DFC-AE6B-3052E355E176}.Release|x86.ActiveCfg = Release|Any CPU
		{FA660587-D4C6-4DFC-AE6B-3052E355E176}.Release|x86.Build.0 = Release|Any CPU
		EndGlobalSection
	GlobalSection(SolutionProperties) = preSolution
		HideSolutionNode = FALSE
	EndGlobalSection
	GlobalSection(NestedProjects) = preSolution
		{FBB79C56-35F1-425C-B818-B85394DB228C} = {827E0CD3-B72D-47B6-A68D-7590B98EB39B}
		{FD2C8F6F-E250-421B-8784-4853555078BA} = {827E0CD3-B72D-47B6-A68D-7590B98EB39B}
		{9267D91B-03E5-49D7-AFB4-247FBAFE645E} = {827E0CD3-B72D-47B6-A68D-7590B98EB39B}
		{E4433469-15BA-4E65-8D91-578F28D58001} = {827E0CD3-B72D-47B6-A68D-7590B98EB39B}
		{0FD14983-D957-2B8A-4CFB-C56EC8E68682} = {827E0CD3-B72D-47B6-A68D-7590B98EB39B}
		{F77A5D40-42CB-4D69-B8FA-7BC12D61A2D8} = {0FD14983-D957-2B8A-4CFB-C56EC8E68682}
		{AD5690E1-8DF9-40DF-A5AD-365C00256E1F} = {0FD14983-D957-2B8A-4CFB-C56EC8E68682}
		{CB496448-A34E-4810-9698-C5E634686978} = {0FD14983-D957-2B8A-4CFB-C56EC8E68682}
		{03CAE60B-B047-4960-97AB-F79255BF2B36} = {0FD14983-D957-2B8A-4CFB-C56EC8E68682}
		{6DE3E945-CE9E-4840-8068-34277A8023BC} = {827E0CD3-B72D-47B6-A68D-7590B98EB39B}
		{FBF58A95-6632-4DE3-925A-B75F462D276B} = {827E0CD3-B72D-47B6-A68D-7590B98EB39B}
		{8AEAA61C-B54D-4BC1-A441-54088C162A27} = {827E0CD3-B72D-47B6-A68D-7590B98EB39B}
		{AF811592-2BC7-4F42-AAD9-66B77974A50E} = {0AB3BF05-4346-4AA6-1389-037BE0695223}
		{A5C90C40-11ED-43A7-AA52-27E6B7E32FF6} = {0AB3BF05-4346-4AA6-1389-037BE0695223}
		{CE8594EF-FBA0-4B8A-A8FD-D2D79B044990} = {0AB3BF05-4346-4AA6-1389-037BE0695223}
		{65155860-322E-4F13-A822-CD7115157D3D} = {0AB3BF05-4346-4AA6-1389-037BE0695223}
		{FA660587-D4C6-4DFC-AE6B-3052E355E176} = {5D20AA90-6969-D8BD-9DCD-8634F4692FDA}
	EndGlobalSection
EndGlobal
